
Microsoft Visual Studio Solution File, Format Version 12.00
# Visual Studio Version 17
VisualStudioVersion = 17.5.002.0
MinimumVisualStudioVersion = 10.0.40219.1
Project("{9A19103F-16F7-4668-BE54-9A1E7A4F7556}") = "CommandsHub", "CommandsHub.csproj", "{0215A77C-732C-419F-93E0-9E522FFEC4B4}"
EndProject
Global
	GlobalSection(SolutionConfigurationPlatforms) = preSolution
		Debug|Any CPU = Debug|Any CPU
		Release|Any CPU = Release|Any CPU
	EndGlobalSection
	GlobalSection(ProjectConfigurationPlatforms) = postSolution
		{0215A77C-732C-419F-93E0-9E522FFEC4B4}.Debug|Any CPU.ActiveCfg = Debug|Any CPU
		{0215A77C-732C-419F-93E0-9E522FFEC4B4}.Debug|Any CPU.Build.0 = Debug|Any CPU
		{0215A77C-732C-419F-93E0-9E522FFEC4B4}.Release|Any CPU.ActiveCfg = Release|Any CPU
		{0215A77C-732C-419F-93E0-9E522FFEC4B4}.Release|Any CPU.Build.0 = Release|Any CPU
	EndGlobalSection
	GlobalSection(SolutionProperties) = preSolution
		HideSolutionNode = FALSE
	EndGlobalSection
	GlobalSection(ExtensibilityGlobals) = postSolution
		SolutionGuid = {739328DF-C990-4D5D-B032-0A03F490B68D}
	EndGlobalSection
EndGlobal
